
Microsoft Visual Studio Solution File, Format Version 12.00
# Visual Studio Version 17
VisualStudioVersion = 17.8.34322.80
MinimumVisualStudioVersion = 10.0.40219.1
Project("{2150E333-8FDC-42A3-9474-1A3956D46DE8}") = "Services", "Services", "{0D0E0E64-7D96-4044-8122-86A449E1D438}"
EndProject
Project("{2150E333-8FDC-42A3-9474-1A3956D46DE8}") = "CatalogService", "CatalogService", "{9281B2FE-B5CA-4137-A78E-F6682A3AC862}"
EndProject
Project("{9A19103F-16F7-4668-BE54-9A1E7A4F7556}") = "Catalog.API", "Services\CatalogService\Catalog.API.UI\Catalog.API.csproj", "{8990FD28-BD84-4D39-A1D6-F2E44C0ED91F}"
EndProject
Project("{9A19103F-16F7-4668-BE54-9A1E7A4F7556}") = "Catalog.Core", "Services\CatalogService\Catalog.Core\Catalog.Core.csproj", "{1005DECD-5A89-4FD6-8359-B26DCFC60400}"
EndProject
Project("{9A19103F-16F7-4668-BE54-9A1E7A4F7556}") = "Catalog.Infrastrcture", "Services\CatalogService\Catalog.Infrastrcture\Catalog.Infrastrcture.csproj", "{4E0177F4-5BFF-4CFA-86DD-F2314F0D643D}"
EndProject
Project("{9A19103F-16F7-4668-BE54-9A1E7A4F7556}") = "Catalog.Application", "Services\CatalogService\Catalog.Application\Catalog.Application.csproj", "{5D77A5F4-B1F1-40C6-9125-345B482BCB18}"
EndProject
Project("{2150E333-8FDC-42A3-9474-1A3956D46DE8}") = "Basket", "Basket", "{2F2508FA-27E0-4A1D-BEC5-B58C7F94F12E}"
EndProject
Project("{9A19103F-16F7-4668-BE54-9A1E7A4F7556}") = "Basket.Core", "Services\Basket\Basket.Core\Basket.Core.csproj", "{EB1D6CD8-C6C8-4FCC-94FD-86D179083AD3}"
EndProject
Project("{9A19103F-16F7-4668-BE54-9A1E7A4F7556}") = "Basket.Infrastructure", "Services\Basket\Basket.Infrastructure\Basket.Infrastructure.csproj", "{89DD15EA-4077-4BCF-9E1D-4A4746D47BC1}"
EndProject
Project("{9A19103F-16F7-4668-BE54-9A1E7A4F7556}") = "Basket.Application", "Services\Basket\Basket.Application\Basket.Application.csproj", "{5823339E-56D8-43AA-A4D3-6083B448ED6E}"
EndProject
Project("{9A19103F-16F7-4668-BE54-9A1E7A4F7556}") = "Basket.Api", "Services\Basket.Api\Basket.Api.csproj", "{441BDDFC-A417-46B0-B278-1F32DC0A442B}"
EndProject
Project("{2150E333-8FDC-42A3-9474-1A3956D46DE8}") = "Order", "Order", "{86C43E8C-C0F0-48DE-8203-FF8E7AD0C84B}"
EndProject
Project("{9A19103F-16F7-4668-BE54-9A1E7A4F7556}") = "Order.Core", "Services\Order\Order.Core\Order.Core.csproj", "{3FBE35CF-3731-47E1-B72F-77D605EFCF09}"
EndProject
Project("{9A19103F-16F7-4668-BE54-9A1E7A4F7556}") = "Order.Infrastructure", "Services\Order\Order.Infrastructure\Order.Infrastructure.csproj", "{5E866F22-D03F-4E90-8E3A-504450C436BB}"
EndProject
Project("{9A19103F-16F7-4668-BE54-9A1E7A4F7556}") = "Order.Application", "Services\Order\Order.Application\Order.Application.csproj", "{FD57705C-E02E-4102-996E-D9AB54F48954}"
EndProject
Project("{9A19103F-16F7-4668-BE54-9A1E7A4F7556}") = "Order.API", "Services\Order\Order.API\Order.API.csproj", "{5C61B384-CFB2-4CAF-8F5B-4DE56D4841D9}"
EndProject
Project("{9A19103F-16F7-4668-BE54-9A1E7A4F7556}") = "Infrastructure", "Infrastructure\Infrastructure\Infrastructure.csproj", "{397D74D6-CB41-415D-B00C-15A13B38B6B0}"
EndProject
Project("{2150E333-8FDC-42A3-9474-1A3956D46DE8}") = "InfrastructureServices", "InfrastructureServices", "{6E52F1DD-0148-48A7-A211-79D412F2E1B5}"
EndProject
Project("{9A19103F-16F7-4668-BE54-9A1E7A4F7556}") = "IdentityServerEF", "Infrastructure\IdentityServerEF\IdentityServerEF.csproj", "{80FC2781-CF44-4CBB-A8EE-8B74ADBCD1BC}"
EndProject
Project("{9A19103F-16F7-4668-BE54-9A1E7A4F7556}") = "OcelotApiGateway", "Infrastructure\OcelotApiGateway\OcelotApiGateway.csproj", "{71D56D8B-F676-4BDE-8C85-BBEDBBE155A8}"
EndProject
Project("{9A19103F-16F7-4668-BE54-9A1E7A4F7556}") = "IdentityServerCognito", "Infrastructure\IdentityServerCognito\IdentityServerCognito.csproj", "{1B17AAC4-276A-401E-A3ED-E575C526C9D7}"
EndProject
Project("{E53339B2-1760-4266-BCC7-CA923CBCF16C}") = "docker-compose", "docker-compose.dcproj", "{AEE7D750-1332-4672-98D9-A2FADE5A00D5}"
EndProject
Global
	GlobalSection(SolutionConfigurationPlatforms) = preSolution
		Debug|Any CPU = Debug|Any CPU
		Release|Any CPU = Release|Any CPU
	EndGlobalSection
	GlobalSection(ProjectConfigurationPlatforms) = postSolution
		{8990FD28-BD84-4D39-A1D6-F2E44C0ED91F}.Debug|Any CPU.ActiveCfg = Debug|Any CPU
		{8990FD28-BD84-4D39-A1D6-F2E44C0ED91F}.Debug|Any CPU.Build.0 = Debug|Any CPU
		{8990FD28-BD84-4D39-A1D6-F2E44C0ED91F}.Release|Any CPU.ActiveCfg = Release|Any CPU
		{8990FD28-BD84-4D39-A1D6-F2E44C0ED91F}.Release|Any CPU.Build.0 = Release|Any CPU
		{1005DECD-5A89-4FD6-8359-B26DCFC60400}.Debug|Any CPU.ActiveCfg = Debug|Any CPU
		{1005DECD-5A89-4FD6-8359-B26DCFC60400}.Debug|Any CPU.Build.0 = Debug|Any CPU
		{1005DECD-5A89-4FD6-8359-B26DCFC60400}.Release|Any CPU.ActiveCfg = Release|Any CPU
		{1005DECD-5A89-4FD6-8359-B26DCFC60400}.Release|Any CPU.Build.0 = Release|Any CPU
		{4E0177F4-5BFF-4CFA-86DD-F2314F0D643D}.Debug|Any CPU.ActiveCfg = Debug|Any CPU
		{4E0177F4-5BFF-4CFA-86DD-F2314F0D643D}.Debug|Any CPU.Build.0 = Debug|Any CPU
		{4E0177F4-5BFF-4CFA-86DD-F2314F0D643D}.Release|Any CPU.ActiveCfg = Release|Any CPU
		{4E0177F4-5BFF-4CFA-86DD-F2314F0D643D}.Release|Any CPU.Build.0 = Release|Any CPU
		{5D77A5F4-B1F1-40C6-9125-345B482BCB18}.Debug|Any CPU.ActiveCfg = Debug|Any CPU
		{5D77A5F4-B1F1-40C6-9125-345B482BCB18}.Debug|Any CPU.Build.0 = Debug|Any CPU
		{5D77A5F4-B1F1-40C6-9125-345B482BCB18}.Release|Any CPU.ActiveCfg = Release|Any CPU
		{5D77A5F4-B1F1-40C6-9125-345B482BCB18}.Release|Any CPU.Build.0 = Release|Any CPU
		{EB1D6CD8-C6C8-4FCC-94FD-86D179083AD3}.Debug|Any CPU.ActiveCfg = Debug|Any CPU
		{EB1D6CD8-C6C8-4FCC-94FD-86D179083AD3}.Debug|Any CPU.Build.0 = Debug|Any CPU
		{EB1D6CD8-C6C8-4FCC-94FD-86D179083AD3}.Release|Any CPU.ActiveCfg = Release|Any CPU
		{EB1D6CD8-C6C8-4FCC-94FD-86D179083AD3}.Release|Any CPU.Build.0 = Release|Any CPU
		{89DD15EA-4077-4BCF-9E1D-4A4746D47BC1}.Debug|Any CPU.ActiveCfg = Debug|Any CPU
		{89DD15EA-4077-4BCF-9E1D-4A4746D47BC1}.Debug|Any CPU.Build.0 = Debug|Any CPU
		{89DD15EA-4077-4BCF-9E1D-4A4746D47BC1}.Release|Any CPU.ActiveCfg = Release|Any CPU
		{89DD15EA-4077-4BCF-9E1D-4A4746D47BC1}.Release|Any CPU.Build.0 = Release|Any CPU
		{5823339E-56D8-43AA-A4D3-6083B448ED6E}.Debug|Any CPU.ActiveCfg = Debug|Any CPU
		{5823339E-56D8-43AA-A4D3-6083B448ED6E}.Debug|Any CPU.Build.0 = Debug|Any CPU
		{5823339E-56D8-43AA-A4D3-6083B448ED6E}.Release|Any CPU.ActiveCfg = Release|Any CPU
		{5823339E-56D8-43AA-A4D3-6083B448ED6E}.Release|Any CPU.Build.0 = Release|Any CPU
		{441BDDFC-A417-46B0-B278-1F32DC0A442B}.Debug|Any CPU.ActiveCfg = Debug|Any CPU
		{441BDDFC-A417-46B0-B278-1F32DC0A442B}.Debug|Any CPU.Build.0 = Debug|Any CPU
		{441BDDFC-A417-46B0-B278-1F32DC0A442B}.Release|Any CPU.ActiveCfg = Release|Any CPU
		{441BDDFC-A417-46B0-B278-1F32DC0A442B}.Release|Any CPU.Build.0 = Release|Any CPU
		{3FBE35CF-3731-47E1-B72F-77D605EFCF09}.Debug|Any CPU.ActiveCfg = Debug|Any CPU
		{3FBE35CF-3731-47E1-B72F-77D605EFCF09}.Debug|Any CPU.Build.0 = Debug|Any CPU
		{3FBE35CF-3731-47E1-B72F-77D605EFCF09}.Release|Any CPU.ActiveCfg = Release|Any CPU
		{3FBE35CF-3731-47E1-B72F-77D605EFCF09}.Release|Any CPU.Build.0 = Release|Any CPU
		{5E866F22-D03F-4E90-8E3A-504450C436BB}.Debug|Any CPU.ActiveCfg = Debug|Any CPU
		{5E866F22-D03F-4E90-8E3A-504450C436BB}.Debug|Any CPU.Build.0 = Debug|Any CPU
		{5E866F22-D03F-4E90-8E3A-504450C436BB}.Release|Any CPU.ActiveCfg = Release|Any CPU
		{5E866F22-D03F-4E90-8E3A-504450C436BB}.Release|Any CPU.Build.0 = Release|Any CPU
		{FD57705C-E02E-4102-996E-D9AB54F48954}.Debug|Any CPU.ActiveCfg = Debug|Any CPU
		{FD57705C-E02E-4102-996E-D9AB54F48954}.Debug|Any CPU.Build.0 = Debug|Any CPU
		{FD57705C-E02E-4102-996E-D9AB54F48954}.Release|Any CPU.ActiveCfg = Release|Any CPU
		{FD57705C-E02E-4102-996E-D9AB54F48954}.Release|Any CPU.Build.0 = Release|Any CPU
		{5C61B384-CFB2-4CAF-8F5B-4DE56D4841D9}.Debug|Any CPU.ActiveCfg = Debug|Any CPU
		{5C61B384-CFB2-4CAF-8F5B-4DE56D4841D9}.Debug|Any CPU.Build.0 = Debug|Any CPU
		{5C61B384-CFB2-4CAF-8F5B-4DE56D4841D9}.Release|Any CPU.ActiveCfg = Release|Any CPU
		{5C61B384-CFB2-4CAF-8F5B-4DE56D4841D9}.Release|Any CPU.Build.0 = Release|Any CPU
		{397D74D6-CB41-415D-B00C-15A13B38B6B0}.Debug|Any CPU.ActiveCfg = Debug|Any CPU
		{397D74D6-CB41-415D-B00C-15A13B38B6B0}.Debug|Any CPU.Build.0 = Debug|Any CPU
		{397D74D6-CB41-415D-B00C-15A13B38B6B0}.Release|Any CPU.ActiveCfg = Release|Any CPU
		{397D74D6-CB41-415D-B00C-15A13B38B6B0}.Release|Any CPU.Build.0 = Release|Any CPU
		{80FC2781-CF44-4CBB-A8EE-8B74ADBCD1BC}.Debug|Any CPU.ActiveCfg = Debug|Any CPU
		{80FC2781-CF44-4CBB-A8EE-8B74ADBCD1BC}.Debug|Any CPU.Build.0 = Debug|Any CPU
		{80FC2781-CF44-4CBB-A8EE-8B74ADBCD1BC}.Release|Any CPU.ActiveCfg = Release|Any CPU
		{80FC2781-CF44-4CBB-A8EE-8B74ADBCD1BC}.Release|Any CPU.Build.0 = Release|Any CPU
		{71D56D8B-F676-4BDE-8C85-BBEDBBE155A8}.Debug|Any CPU.ActiveCfg = Debug|Any CPU
		{71D56D8B-F676-4BDE-8C85-BBEDBBE155A8}.Debug|Any CPU.Build.0 = Debug|Any CPU
		{71D56D8B-F676-4BDE-8C85-BBEDBBE155A8}.Release|Any CPU.ActiveCfg = Release|Any CPU
		{71D56D8B-F676-4BDE-8C85-BBEDBBE155A8}.Release|Any CPU.Build.0 = Release|Any CPU
		{1B17AAC4-276A-401E-A3ED-E575C526C9D7}.Debug|Any CPU.ActiveCfg = Debug|Any CPU
		{1B17AAC4-276A-401E-A3ED-E575C526C9D7}.Debug|Any CPU.Build.0 = Debug|Any CPU
		{1B17AAC4-276A-401E-A3ED-E575C526C9D7}.Release|Any CPU.ActiveCfg = Release|Any CPU
		{1B17AAC4-276A-401E-A3ED-E575C526C9D7}.Release|Any CPU.Build.0 = Release|Any CPU
		{AEE7D750-1332-4672-98D9-A2FADE5A00D5}.Debug|Any CPU.ActiveCfg = Debug|Any CPU
		{AEE7D750-1332-4672-98D9-A2FADE5A00D5}.Debug|Any CPU.Build.0 = Debug|Any CPU
		{AEE7D750-1332-4672-98D9-A2FADE5A00D5}.Release|Any CPU.ActiveCfg = Release|Any CPU
		{AEE7D750-1332-4672-98D9-A2FADE5A00D5}.Release|Any CPU.Build.0 = Release|Any CPU
	EndGlobalSection
	GlobalSection(SolutionProperties) = preSolution
		HideSolutionNode = FALSE
	EndGlobalSection
	GlobalSection(NestedProjects) = preSolution
		{9281B2FE-B5CA-4137-A78E-F6682A3AC862} = {0D0E0E64-7D96-4044-8122-86A449E1D438}
		{8990FD28-BD84-4D39-A1D6-F2E44C0ED91F} = {9281B2FE-B5CA-4137-A78E-F6682A3AC862}
		{1005DECD-5A89-4FD6-8359-B26DCFC60400} = {9281B2FE-B5CA-4137-A78E-F6682A3AC862}
		{4E0177F4-5BFF-4CFA-86DD-F2314F0D643D} = {9281B2FE-B5CA-4137-A78E-F6682A3AC862}
		{5D77A5F4-B1F1-40C6-9125-345B482BCB18} = {9281B2FE-B5CA-4137-A78E-F6682A3AC862}
		{2F2508FA-27E0-4A1D-BEC5-B58C7F94F12E} = {0D0E0E64-7D96-4044-8122-86A449E1D438}
		{EB1D6CD8-C6C8-4FCC-94FD-86D179083AD3} = {2F2508FA-27E0-4A1D-BEC5-B58C7F94F12E}
		{89DD15EA-4077-4BCF-9E1D-4A4746D47BC1} = {2F2508FA-27E0-4A1D-BEC5-B58C7F94F12E}
		{5823339E-56D8-43AA-A4D3-6083B448ED6E} = {2F2508FA-27E0-4A1D-BEC5-B58C7F94F12E}
		{441BDDFC-A417-46B0-B278-1F32DC0A442B} = {2F2508FA-27E0-4A1D-BEC5-B58C7F94F12E}
		{86C43E8C-C0F0-48DE-8203-FF8E7AD0C84B} = {0D0E0E64-7D96-4044-8122-86A449E1D438}
		{3FBE35CF-3731-47E1-B72F-77D605EFCF09} = {86C43E8C-C0F0-48DE-8203-FF8E7AD0C84B}
		{5E866F22-D03F-4E90-8E3A-504450C436BB} = {86C43E8C-C0F0-48DE-8203-FF8E7AD0C84B}
		{FD57705C-E02E-4102-996E-D9AB54F48954} = {86C43E8C-C0F0-48DE-8203-FF8E7AD0C84B}
		{5C61B384-CFB2-4CAF-8F5B-4DE56D4841D9} = {86C43E8C-C0F0-48DE-8203-FF8E7AD0C84B}
		{80FC2781-CF44-4CBB-A8EE-8B74ADBCD1BC} = {6E52F1DD-0148-48A7-A211-79D412F2E1B5}
		{71D56D8B-F676-4BDE-8C85-BBEDBBE155A8} = {6E52F1DD-0148-48A7-A211-79D412F2E1B5}
		{1B17AAC4-276A-401E-A3ED-E575C526C9D7} = {6E52F1DD-0148-48A7-A211-79D412F2E1B5}
	EndGlobalSection
	GlobalSection(ExtensibilityGlobals) = postSolution
		SolutionGuid = {6D1C8107-887F-4F07-A289-9D2EE6D1E15F}
	EndGlobalSection
EndGlobal
